
Microsoft Visual Studio Solution File, Format Version 12.00
# Visual Studio 14
VisualStudioVersion = 14.0.25420.1
MinimumVisualStudioVersion = 10.0.40219.1
Project("{8BB2217D-0F2D-49D1-97BC-3654ED321F3B}") = "Clif", "src\Clif\Clif.xproj", "{95FFD5FE-576D-4A07-88A8-87A4EFA6DB86}"
EndProject
Project("{8BB2217D-0F2D-49D1-97BC-3654ED321F3B}") = "Clif.Tests", "test\Clif.Tests\Clif.Tests.xproj", "{387FBF1A-0A73-4978-985E-0E3A41574F13}"
EndProject
Project("{2150E333-8FDC-42A3-9474-1A3956D46DE8}") = "Solution Items", "Solution Items", "{1496DD54-2889-453D-9620-70F2EB68B7B8}"
	ProjectSection(SolutionItems) = preProject
		global.json = global.json
	EndProjectSection
EndProject
Project("{8BB2217D-0F2D-49D1-97BC-3654ED321F3B}") = "Clif.Sample", "sample\Clif.Sample\Clif.Sample.xproj", "{34E6FE4D-F44D-460F-90A6-EC7C69DEB9EF}"
EndProject
Global
	GlobalSection(SolutionConfigurationPlatforms) = preSolution
		Debug|Any CPU = Debug|Any CPU
		Release|Any CPU = Release|Any CPU
	EndGlobalSection
	GlobalSection(ProjectConfigurationPlatforms) = postSolution
		{95FFD5FE-576D-4A07-88A8-87A4EFA6DB86}.Debug|Any CPU.ActiveCfg = Debug|Any CPU
		{95FFD5FE-576D-4A07-88A8-87A4EFA6DB86}.Debug|Any CPU.Build.0 = Debug|Any CPU
		{95FFD5FE-576D-4A07-88A8-87A4EFA6DB86}.Release|Any CPU.ActiveCfg = Release|Any CPU
		{95FFD5FE-576D-4A07-88A8-87A4EFA6DB86}.Release|Any CPU.Build.0 = Release|Any CPU
		{387FBF1A-0A73-4978-985E-0E3A41574F13}.Debug|Any CPU.ActiveCfg = Debug|Any CPU
		{387FBF1A-0A73-4978-985E-0E3A41574F13}.Debug|Any CPU.Build.0 = Debug|Any CPU
		{387FBF1A-0A73-4978-985E-0E3A41574F13}.Release|Any CPU.ActiveCfg = Release|Any CPU
		{387FBF1A-0A73-4978-985E-0E3A41574F13}.Release|Any CPU.Build.0 = Release|Any CPU
		{34E6FE4D-F44D-460F-90A6-EC7C69DEB9EF}.Debug|Any CPU.ActiveCfg = Debug|Any CPU
		{34E6FE4D-F44D-460F-90A6-EC7C69DEB9EF}.Debug|Any CPU.Build.0 = Debug|Any CPU
		{34E6FE4D-F44D-460F-90A6-EC7C69DEB9EF}.Release|Any CPU.ActiveCfg = Release|Any CPU
		{34E6FE4D-F44D-460F-90A6-EC7C69DEB9EF}.Release|Any CPU.Build.0 = Release|Any CPU
	EndGlobalSection
	GlobalSection(SolutionProperties) = preSolution
		HideSolutionNode = FALSE
	EndGlobalSection
EndGlobal
